
Microsoft Visual Studio Solution File, Format Version 12.00
# Visual Studio 2013
VisualStudioVersion = 12.0.31101.0
MinimumVisualStudioVersion = 10.0.40219.1
Project("{FAE04EC0-301F-11D3-BF4B-00C04F79EFBC}") = "DailyAlgorithms.Tests", "DailyAlgorithms.Tests\DailyAlgorithms.Tests.csproj", "{54ACE666-AB50-46AD-9BDE-9203EF4F91C5}"
EndProject
Project("{FAE04EC0-301F-11D3-BF4B-00C04F79EFBC}") = "DivideConquerMethod", "DivideConquerMethod\DivideConquerMethod.csproj", "{2D9A3C8E-FD10-4B71-A2BE-BF592C86213B}"
EndProject
Project("{2150E333-8FDC-42A3-9474-1A3956D46DE8}") = "Leetcode", "Leetcode", "{99FE0405-17DC-4035-B675-7EE12D1D5C94}"
EndProject
Project("{FAE04EC0-301F-11D3-BF4B-00C04F79EFBC}") = "01-TwoSum", "01-TwoSum\01-TwoSum.csproj", "{83EDA6E2-CAED-40F7-8DBE-30C50C4CCE6D}"
EndProject
Project("{FAE04EC0-301F-11D3-BF4B-00C04F79EFBC}") = "02-AddTwoNumbers", "02-AddTwoNumbers\02-AddTwoNumbers.csproj", "{7543CC37-6E41-431B-B7E7-5F61792D4150}"
EndProject
Project("{FAE04EC0-301F-11D3-BF4B-00C04F79EFBC}") = "03-LongestNonRepeatSubStr", "03-LongestNonRepeatSubStr\03-LongestNonRepeatSubStr.csproj", "{85AE5DD4-EC26-4354-A50E-E8BDE1B48C7D}"
EndProject
Project("{FAE04EC0-301F-11D3-BF4B-00C04F79EFBC}") = "07-ReverseInteger", "07-ReverseInteger\07-ReverseInteger.csproj", "{BF59C693-E0FB-4EBC-B093-BEE775DB7C96}"
EndProject
Project("{FAE04EC0-301F-11D3-BF4B-00C04F79EFBC}") = "09-PalindromeNumber", "09-PalindromeNumber\09-PalindromeNumber.csproj", "{15014FCE-F2F2-43B2-98AA-C01A7F9F36D1}"
EndProject
Project("{FAE04EC0-301F-11D3-BF4B-00C04F79EFBC}") = "05-LongestPalindromicSubstring", "05-LongestPalindromicSubstring\05-LongestPalindromicSubstring.csproj", "{3F5D969A-EFB7-40C2-9B09-C76901E72426}"
EndProject
Project("{FAE04EC0-301F-11D3-BF4B-00C04F79EFBC}") = "08-StringtoInteger", "08-StringtoInteger\08-StringtoInteger.csproj", "{599E649E-B539-448B-BD20-531DF5CDA024}"
EndProject
Project("{FAE04EC0-301F-11D3-BF4B-00C04F79EFBC}") = "14-LongestCommonPrefix", "14-LongestCommonPrefix\14-LongestCommonPrefix.csproj", "{9C7A51D0-D145-45A2-8450-FDDDB760812A}"
EndProject
Project("{FAE04EC0-301F-11D3-BF4B-00C04F79EFBC}") = "04-FindMedianTwoSortedArrays", "04-FindMedianTwoSortedArrays\04-FindMedianTwoSortedArrays.csproj", "{DCB5DBB6-2892-4D72-8778-458D5C0CC360}"
EndProject
Project("{FAE04EC0-301F-11D3-BF4B-00C04F79EFBC}") = "344-ReverseString", "344-ReverseString\344-ReverseString.csproj", "{8B1E4CB5-C6F8-4C35-9345-CB47F12F9EE8}"
EndProject
Project("{FAE04EC0-301F-11D3-BF4B-00C04F79EFBC}") = "345-ReverseVowels_of_String", "345-ReverseVowels_of_String\345-ReverseVowels_of_String.csproj", "{0D0ACF61-D9D5-4BDB-97DF-FA832341D8F4}"
EndProject
Project("{FAE04EC0-301F-11D3-BF4B-00C04F79EFBC}") = "343-IntegerBreak", "343-IntegerBreak\343-IntegerBreak.csproj", "{01520EC0-8947-4AD6-A04D-9011A15F9043}"
EndProject
Project("{FAE04EC0-301F-11D3-BF4B-00C04F79EFBC}") = "06-ZigzagConversion", "06-ZigzagConversion\06-ZigzagConversion.csproj", "{50F30EA8-DA25-40B7-A050-A68015B964C7}"
EndProject
Project("{FAE04EC0-301F-11D3-BF4B-00C04F79EFBC}") = "11-ContainerWithMost Wate", "11-ContainerWithMost Wate\11-ContainerWithMost Wate.csproj", "{2ACED877-5B6D-475A-8EF6-26BAB1BA9C4E}"
EndProject
Project("{FAE04EC0-301F-11D3-BF4B-00C04F79EFBC}") = "13-RomanToInteger", "13-RomanToInteger\13-RomanToInteger.csproj", "{B8AD4AAA-A69A-4762-95DB-F759DEC1CB64}"
EndProject
Project("{FAE04EC0-301F-11D3-BF4B-00C04F79EFBC}") = "12-IntegerToRoman", "12-IntegerToRoman\12-IntegerToRoman.csproj", "{A5290C58-3953-4762-9952-BFEE85E8F1F1}"
EndProject
Project("{FAE04EC0-301F-11D3-BF4B-00C04F79EFBC}") = "19-RemoveNthNodeFromEndofList", "19-RemoveNthNodeFromEndofList\19-RemoveNthNodeFromEndofList.csproj", "{7CA234DD-8DBF-443E-8943-A7EE9CCE0675}"
EndProject
Project("{FAE04EC0-301F-11D3-BF4B-00C04F79EFBC}") = "15-3Sum", "15-3Sum\15-3Sum.csproj", "{7FA9E5EE-161C-4A3E-9B48-7C8ED697CC12}"
EndProject
Project("{FAE04EC0-301F-11D3-BF4B-00C04F79EFBC}") = "17-LetterCombinationsof PhoneNumber", "17-LetterCombinationsof PhoneNumber\17-LetterCombinationsof PhoneNumber.csproj", "{C55E2E21-3435-46FA-A925-D738F5F87E01}"
EndProject
Project("{FAE04EC0-301F-11D3-BF4B-00C04F79EFBC}") = "21-MergeTwoSorted Lists", "21-MergeTwoSorted Lists\21-MergeTwoSorted Lists.csproj", "{87791418-5380-4E31-B740-52889AC3EBCA}"
EndProject
Project("{FAE04EC0-301F-11D3-BF4B-00C04F79EFBC}") = "23-MergeMultiSortedLists", "23-MergeMultiSortedLists\23-MergeMultiSortedLists.csproj", "{D7D72F67-E0E1-4245-9ACD-95F95FBC056A}"
EndProject
Project("{FAE04EC0-301F-11D3-BF4B-00C04F79EFBC}") = "20-ValidParentheses(AreBracketMatched)", "20-ValidParentheses(AreBracketMatched)\20-ValidParentheses(AreBracketMatched).csproj", "{ADFC1B25-C9FA-4928-9EEA-5BBB31936E3C}"
EndProject
Project("{FAE04EC0-301F-11D3-BF4B-00C04F79EFBC}") = "22-GenerateParentheses", "22-GenerateParentheses\22-GenerateParentheses.csproj", "{268F455C-9AB4-4064-91D0-9F4CAB429B03}"
EndProject
Project("{FAE04EC0-301F-11D3-BF4B-00C04F79EFBC}") = "24-SwapNodesInPairs", "24-SwapNodesInPairs\24-SwapNodesInPairs.csproj", "{7455D38F-AD72-4D07-84BC-C616255F32F4}"
EndProject
Project("{FAE04EC0-301F-11D3-BF4B-00C04F79EFBC}") = "27-RemoveElements", "27-RemoveElements\27-RemoveElements.csproj", "{0A420B49-EA9E-4729-8115-984185A30D72}"
EndProject
Project("{FAE04EC0-301F-11D3-BF4B-00C04F79EFBC}") = "25-ReverseNodesInK-group", "25-ReverseNodesInK-group\25-ReverseNodesInK-group.csproj", "{6BE12490-1D13-4B9C-90D2-1376CACD71D8}"
EndProject
Project("{FAE04EC0-301F-11D3-BF4B-00C04F79EFBC}") = "28-Implement_strStr", "28-Implement_strStr\28-Implement_strStr.csproj", "{1A16BFB7-0BA3-4A17-9FE1-E03D22DA8E0E}"
EndProject
Project("{FAE04EC0-301F-11D3-BF4B-00C04F79EFBC}") = "29-DivideTwoIntegers", "29-DivideTwoIntegers\29-DivideTwoIntegers.csproj", "{4B84FB94-2389-4FE3-AEB5-68DA2C501AB2}"
EndProject
Project("{FAE04EC0-301F-11D3-BF4B-00C04F79EFBC}") = "36-ValidSudo", "36-ValidSudo\36-ValidSudo.csproj", "{5AEE5C15-EC76-4F57-BA2C-6CAD940C67BD}"
EndProject
Project("{FAE04EC0-301F-11D3-BF4B-00C04F79EFBC}") = "30-SubstringWithConcatenationOfAllWords", "30-SubstringWithConcatenationOfAllWords\30-SubstringWithConcatenationOfAllWords.csproj", "{9486C09E-D069-4ABD-B400-A4B13FDD5D67}"
EndProject
Project("{FAE04EC0-301F-11D3-BF4B-00C04F79EFBC}") = "38-CountAndSay", "38-CountAndSay\38-CountAndSay.csproj", "{A96C9F3D-FC26-41DA-B6CD-22A44CCEDE49}"
EndProject
Project("{FAE04EC0-301F-11D3-BF4B-00C04F79EFBC}") = "35-SearchInsertPosition", "35-SearchInsertPosition\35-SearchInsertPosition.csproj", "{3134685B-C896-4C4A-8011-D673BDBF80D3}"
EndProject
Project("{FAE04EC0-301F-11D3-BF4B-00C04F79EFBC}") = "34-SearchForRange", "34-SearchForRange\34-SearchForRange.csproj", "{6041C15C-5F90-432F-A1A2-3A412E04B87D}"
EndProject
Project("{FAE04EC0-301F-11D3-BF4B-00C04F79EFBC}") = "50-Power(x n)", "50-Power(x n)\50-Power(x n).csproj", "{48FC690E-AAA6-46FF-924A-81940739860C}"
EndProject
Project("{FAE04EC0-301F-11D3-BF4B-00C04F79EFBC}") = "49-GroupAnagrams", "49-GroupAnagrams\49-GroupAnagrams.csproj", "{E12F5828-1A9E-4FBA-BABF-997C01D09A6B}"
EndProject
Project("{FAE04EC0-301F-11D3-BF4B-00C04F79EFBC}") = "101-SymmetricTree", "101-SymmetricTree\101-SymmetricTree.csproj", "{0FC4A452-A383-4B1C-9ED0-64CBB6A6A518}"
EndProject
Project("{FAE04EC0-301F-11D3-BF4B-00C04F79EFBC}") = "69-Sqrt", "69-Sqrt\69-Sqrt.csproj", "{6F0F3A9A-AE5F-4C67-99E1-800EE58A2AEC}"
EndProject
Project("{FAE04EC0-301F-11D3-BF4B-00C04F79EFBC}") = "70-ClimbingStairs", "70-ClimbingStairs\70-ClimbingStairs.csproj", "{49F5F955-1B61-474D-9FB5-BD1195CB9FD4}"
EndProject
Project("{FAE04EC0-301F-11D3-BF4B-00C04F79EFBC}") = "48-RotateImage", "48-RotateImage\48-RotateImage.csproj", "{14C0EC5D-87E8-4579-872B-7971280FD643}"
EndProject
Project("{FAE04EC0-301F-11D3-BF4B-00C04F79EFBC}") = "32-LongestValidParentheses", "32-LongestValidParentheses\32-LongestValidParentheses.csproj", "{4D630A23-F671-48AB-9186-6E25D4AE418D}"
EndProject
Project("{FAE04EC0-301F-11D3-BF4B-00C04F79EFBC}") = "31-NextPermutation", "31-NextPermutation\31-NextPermutation.csproj", "{AC3BDF83-35B7-440A-865B-08614209FD9F}"
EndProject
Project("{FAE04EC0-301F-11D3-BF4B-00C04F79EFBC}") = "198-HouseRobber", "198-HouseRobber\198-HouseRobber.csproj", "{D94FCA3D-287E-433D-B1F4-E845FBE0C726}"
EndProject
Project("{FAE04EC0-301F-11D3-BF4B-00C04F79EFBC}") = "219-ContainsDuplicationII", "219-ContainsDuplicationII\219-ContainsDuplicationII.csproj", "{8EF57866-99D8-4E69-BA9D-55FA6A6283BF}"
EndProject
Project("{FAE04EC0-301F-11D3-BF4B-00C04F79EFBC}") = "292-NimGame", "292-NimGame\292-NimGame.csproj", "{9849D410-5CD4-492D-914E-45548EE6696F}"
EndProject
Project("{FAE04EC0-301F-11D3-BF4B-00C04F79EFBC}") = "258-AddDigits", "258-AddDigits\258-AddDigits.csproj", "{7C184E71-A63F-46D2-B06C-1D2F3F28899D}"
EndProject
Project("{FAE04EC0-301F-11D3-BF4B-00C04F79EFBC}") = "283-MoveZeros", "283-MoveZeros\283-MoveZeros.csproj", "{41D42867-B38E-451C-824A-65A38FC13570}"
EndProject
Project("{FAE04EC0-301F-11D3-BF4B-00C04F79EFBC}") = "242-ValidAnagram", "242-ValidAnagram\242-ValidAnagram.csproj", "{64CD06D2-BDE1-4F94-9293-0F14488AF149}"
EndProject
Project("{FAE04EC0-301F-11D3-BF4B-00C04F79EFBC}") = "235-LowestCommonAncestorOfBinarySearchTree", "235-LowestCommonAncestorOfBinarySearchTree\235-LowestCommonAncestorOfBinarySearchTree.csproj", "{CE78F214-D8A6-46EC-8468-E597F9FD11B6}"
EndProject
Project("{FAE04EC0-301F-11D3-BF4B-00C04F79EFBC}") = "Common", "Common\Common.csproj", "{245AB29E-E65B-4788-9D28-C256BD4DCDE2}"
EndProject
Project("{FAE04EC0-301F-11D3-BF4B-00C04F79EFBC}") = "67-AddBinary", "67-AddBinary\67-AddBinary.csproj", "{B0745D52-187A-4B4A-AB73-6FE33568E83D}"
EndProject
Project("{FAE04EC0-301F-11D3-BF4B-00C04F79EFBC}") = "347_TopKFrequentElements", "347_TopKFrequentElements\347_TopKFrequentElements.csproj", "{8333998C-5285-4A46-9121-9E7A853ADB80}"
EndProject
Project("{FAE04EC0-301F-11D3-BF4B-00C04F79EFBC}") = "318-MaximumProductOfWordLengths", "318-MaximumProductOfWordLengths\318-MaximumProductOfWordLengths.csproj", "{7ECFF378-2A86-4A26-AE5E-77F367285E1D}"
EndProject
Project("{FAE04EC0-301F-11D3-BF4B-00C04F79EFBC}") = "328-OddEvenLinkedList", "328-OddEvenLinkedList\328-OddEvenLinkedList.csproj", "{342D0292-CDA4-494F-98C6-8AB68BBB91CE}"
EndProject
Project("{FAE04EC0-301F-11D3-BF4B-00C04F79EFBC}") = "75-SortColors", "75-SortColors\75-SortColors.csproj", "{3F88E601-CAB7-40E6-97D0-1CBA9C670E09}"
EndProject
Global
	GlobalSection(SolutionConfigurationPlatforms) = preSolution
		Debug|Any CPU = Debug|Any CPU
		Release|Any CPU = Release|Any CPU
	EndGlobalSection
	GlobalSection(ProjectConfigurationPlatforms) = postSolution
		{54ACE666-AB50-46AD-9BDE-9203EF4F91C5}.Debug|Any CPU.ActiveCfg = Debug|Any CPU
		{54ACE666-AB50-46AD-9BDE-9203EF4F91C5}.Debug|Any CPU.Build.0 = Debug|Any CPU
		{54ACE666-AB50-46AD-9BDE-9203EF4F91C5}.Release|Any CPU.ActiveCfg = Release|Any CPU
		{54ACE666-AB50-46AD-9BDE-9203EF4F91C5}.Release|Any CPU.Build.0 = Release|Any CPU
		{2D9A3C8E-FD10-4B71-A2BE-BF592C86213B}.Debug|Any CPU.ActiveCfg = Debug|Any CPU
		{2D9A3C8E-FD10-4B71-A2BE-BF592C86213B}.Debug|Any CPU.Build.0 = Debug|Any CPU
		{2D9A3C8E-FD10-4B71-A2BE-BF592C86213B}.Release|Any CPU.ActiveCfg = Release|Any CPU
		{2D9A3C8E-FD10-4B71-A2BE-BF592C86213B}.Release|Any CPU.Build.0 = Release|Any CPU
		{83EDA6E2-CAED-40F7-8DBE-30C50C4CCE6D}.Debug|Any CPU.ActiveCfg = Debug|Any CPU
		{83EDA6E2-CAED-40F7-8DBE-30C50C4CCE6D}.Debug|Any CPU.Build.0 = Debug|Any CPU
		{83EDA6E2-CAED-40F7-8DBE-30C50C4CCE6D}.Release|Any CPU.ActiveCfg = Release|Any CPU
		{83EDA6E2-CAED-40F7-8DBE-30C50C4CCE6D}.Release|Any CPU.Build.0 = Release|Any CPU
		{7543CC37-6E41-431B-B7E7-5F61792D4150}.Debug|Any CPU.ActiveCfg = Debug|Any CPU
		{7543CC37-6E41-431B-B7E7-5F61792D4150}.Debug|Any CPU.Build.0 = Debug|Any CPU
		{7543CC37-6E41-431B-B7E7-5F61792D4150}.Release|Any CPU.ActiveCfg = Release|Any CPU
		{7543CC37-6E41-431B-B7E7-5F61792D4150}.Release|Any CPU.Build.0 = Release|Any CPU
		{85AE5DD4-EC26-4354-A50E-E8BDE1B48C7D}.Debug|Any CPU.ActiveCfg = Debug|Any CPU
		{85AE5DD4-EC26-4354-A50E-E8BDE1B48C7D}.Debug|Any CPU.Build.0 = Debug|Any CPU
		{85AE5DD4-EC26-4354-A50E-E8BDE1B48C7D}.Release|Any CPU.ActiveCfg = Release|Any CPU
		{85AE5DD4-EC26-4354-A50E-E8BDE1B48C7D}.Release|Any CPU.Build.0 = Release|Any CPU
		{BF59C693-E0FB-4EBC-B093-BEE775DB7C96}.Debug|Any CPU.ActiveCfg = Debug|Any CPU
		{BF59C693-E0FB-4EBC-B093-BEE775DB7C96}.Debug|Any CPU.Build.0 = Debug|Any CPU
		{BF59C693-E0FB-4EBC-B093-BEE775DB7C96}.Release|Any CPU.ActiveCfg = Release|Any CPU
		{BF59C693-E0FB-4EBC-B093-BEE775DB7C96}.Release|Any CPU.Build.0 = Release|Any CPU
		{15014FCE-F2F2-43B2-98AA-C01A7F9F36D1}.Debug|Any CPU.ActiveCfg = Debug|Any CPU
		{15014FCE-F2F2-43B2-98AA-C01A7F9F36D1}.Debug|Any CPU.Build.0 = Debug|Any CPU
		{15014FCE-F2F2-43B2-98AA-C01A7F9F36D1}.Release|Any CPU.ActiveCfg = Release|Any CPU
		{15014FCE-F2F2-43B2-98AA-C01A7F9F36D1}.Release|Any CPU.Build.0 = Release|Any CPU
		{3F5D969A-EFB7-40C2-9B09-C76901E72426}.Debug|Any CPU.ActiveCfg = Debug|Any CPU
		{3F5D969A-EFB7-40C2-9B09-C76901E72426}.Debug|Any CPU.Build.0 = Debug|Any CPU
		{3F5D969A-EFB7-40C2-9B09-C76901E72426}.Release|Any CPU.ActiveCfg = Release|Any CPU
		{3F5D969A-EFB7-40C2-9B09-C76901E72426}.Release|Any CPU.Build.0 = Release|Any CPU
		{599E649E-B539-448B-BD20-531DF5CDA024}.Debug|Any CPU.ActiveCfg = Debug|Any CPU
		{599E649E-B539-448B-BD20-531DF5CDA024}.Debug|Any CPU.Build.0 = Debug|Any CPU
		{599E649E-B539-448B-BD20-531DF5CDA024}.Release|Any CPU.ActiveCfg = Release|Any CPU
		{599E649E-B539-448B-BD20-531DF5CDA024}.Release|Any CPU.Build.0 = Release|Any CPU
		{9C7A51D0-D145-45A2-8450-FDDDB760812A}.Debug|Any CPU.ActiveCfg = Debug|Any CPU
		{9C7A51D0-D145-45A2-8450-FDDDB760812A}.Debug|Any CPU.Build.0 = Debug|Any CPU
		{9C7A51D0-D145-45A2-8450-FDDDB760812A}.Release|Any CPU.ActiveCfg = Release|Any CPU
		{9C7A51D0-D145-45A2-8450-FDDDB760812A}.Release|Any CPU.Build.0 = Release|Any CPU
		{DCB5DBB6-2892-4D72-8778-458D5C0CC360}.Debug|Any CPU.ActiveCfg = Debug|Any CPU
		{DCB5DBB6-2892-4D72-8778-458D5C0CC360}.Debug|Any CPU.Build.0 = Debug|Any CPU
		{DCB5DBB6-2892-4D72-8778-458D5C0CC360}.Release|Any CPU.ActiveCfg = Release|Any CPU
		{DCB5DBB6-2892-4D72-8778-458D5C0CC360}.Release|Any CPU.Build.0 = Release|Any CPU
		{8B1E4CB5-C6F8-4C35-9345-CB47F12F9EE8}.Debug|Any CPU.ActiveCfg = Debug|Any CPU
		{8B1E4CB5-C6F8-4C35-9345-CB47F12F9EE8}.Debug|Any CPU.Build.0 = Debug|Any CPU
		{8B1E4CB5-C6F8-4C35-9345-CB47F12F9EE8}.Release|Any CPU.ActiveCfg = Release|Any CPU
		{8B1E4CB5-C6F8-4C35-9345-CB47F12F9EE8}.Release|Any CPU.Build.0 = Release|Any CPU
		{0D0ACF61-D9D5-4BDB-97DF-FA832341D8F4}.Debug|Any CPU.ActiveCfg = Debug|Any CPU
		{0D0ACF61-D9D5-4BDB-97DF-FA832341D8F4}.Debug|Any CPU.Build.0 = Debug|Any CPU
		{0D0ACF61-D9D5-4BDB-97DF-FA832341D8F4}.Release|Any CPU.ActiveCfg = Release|Any CPU
		{0D0ACF61-D9D5-4BDB-97DF-FA832341D8F4}.Release|Any CPU.Build.0 = Release|Any CPU
		{01520EC0-8947-4AD6-A04D-9011A15F9043}.Debug|Any CPU.ActiveCfg = Debug|Any CPU
		{01520EC0-8947-4AD6-A04D-9011A15F9043}.Debug|Any CPU.Build.0 = Debug|Any CPU
		{01520EC0-8947-4AD6-A04D-9011A15F9043}.Release|Any CPU.ActiveCfg = Release|Any CPU
		{01520EC0-8947-4AD6-A04D-9011A15F9043}.Release|Any CPU.Build.0 = Release|Any CPU
		{50F30EA8-DA25-40B7-A050-A68015B964C7}.Debug|Any CPU.ActiveCfg = Debug|Any CPU
		{50F30EA8-DA25-40B7-A050-A68015B964C7}.Debug|Any CPU.Build.0 = Debug|Any CPU
		{50F30EA8-DA25-40B7-A050-A68015B964C7}.Release|Any CPU.ActiveCfg = Release|Any CPU
		{50F30EA8-DA25-40B7-A050-A68015B964C7}.Release|Any CPU.Build.0 = Release|Any CPU
		{2ACED877-5B6D-475A-8EF6-26BAB1BA9C4E}.Debug|Any CPU.ActiveCfg = Debug|Any CPU
		{2ACED877-5B6D-475A-8EF6-26BAB1BA9C4E}.Debug|Any CPU.Build.0 = Debug|Any CPU
		{2ACED877-5B6D-475A-8EF6-26BAB1BA9C4E}.Release|Any CPU.ActiveCfg = Release|Any CPU
		{2ACED877-5B6D-475A-8EF6-26BAB1BA9C4E}.Release|Any CPU.Build.0 = Release|Any CPU
		{B8AD4AAA-A69A-4762-95DB-F759DEC1CB64}.Debug|Any CPU.ActiveCfg = Debug|Any CPU
		{B8AD4AAA-A69A-4762-95DB-F759DEC1CB64}.Debug|Any CPU.Build.0 = Debug|Any CPU
		{B8AD4AAA-A69A-4762-95DB-F759DEC1CB64}.Release|Any CPU.ActiveCfg = Release|Any CPU
		{B8AD4AAA-A69A-4762-95DB-F759DEC1CB64}.Release|Any CPU.Build.0 = Release|Any CPU
		{A5290C58-3953-4762-9952-BFEE85E8F1F1}.Debug|Any CPU.ActiveCfg = Debug|Any CPU
		{A5290C58-3953-4762-9952-BFEE85E8F1F1}.Debug|Any CPU.Build.0 = Debug|Any CPU
		{A5290C58-3953-4762-9952-BFEE85E8F1F1}.Release|Any CPU.ActiveCfg = Release|Any CPU
		{A5290C58-3953-4762-9952-BFEE85E8F1F1}.Release|Any CPU.Build.0 = Release|Any CPU
		{7CA234DD-8DBF-443E-8943-A7EE9CCE0675}.Debug|Any CPU.ActiveCfg = Debug|Any CPU
		{7CA234DD-8DBF-443E-8943-A7EE9CCE0675}.Debug|Any CPU.Build.0 = Debug|Any CPU
		{7CA234DD-8DBF-443E-8943-A7EE9CCE0675}.Release|Any CPU.ActiveCfg = Release|Any CPU
		{7CA234DD-8DBF-443E-8943-A7EE9CCE0675}.Release|Any CPU.Build.0 = Release|Any CPU
		{7FA9E5EE-161C-4A3E-9B48-7C8ED697CC12}.Debug|Any CPU.ActiveCfg = Debug|Any CPU
		{7FA9E5EE-161C-4A3E-9B48-7C8ED697CC12}.Debug|Any CPU.Build.0 = Debug|Any CPU
		{7FA9E5EE-161C-4A3E-9B48-7C8ED697CC12}.Release|Any CPU.ActiveCfg = Release|Any CPU
		{7FA9E5EE-161C-4A3E-9B48-7C8ED697CC12}.Release|Any CPU.Build.0 = Release|Any CPU
		{C55E2E21-3435-46FA-A925-D738F5F87E01}.Debug|Any CPU.ActiveCfg = Debug|Any CPU
		{C55E2E21-3435-46FA-A925-D738F5F87E01}.Debug|Any CPU.Build.0 = Debug|Any CPU
		{C55E2E21-3435-46FA-A925-D738F5F87E01}.Release|Any CPU.ActiveCfg = Release|Any CPU
		{C55E2E21-3435-46FA-A925-D738F5F87E01}.Release|Any CPU.Build.0 = Release|Any CPU
		{87791418-5380-4E31-B740-52889AC3EBCA}.Debug|Any CPU.ActiveCfg = Debug|Any CPU
		{87791418-5380-4E31-B740-52889AC3EBCA}.Debug|Any CPU.Build.0 = Debug|Any CPU
		{87791418-5380-4E31-B740-52889AC3EBCA}.Release|Any CPU.ActiveCfg = Release|Any CPU
		{87791418-5380-4E31-B740-52889AC3EBCA}.Release|Any CPU.Build.0 = Release|Any CPU
		{D7D72F67-E0E1-4245-9ACD-95F95FBC056A}.Debug|Any CPU.ActiveCfg = Debug|Any CPU
		{D7D72F67-E0E1-4245-9ACD-95F95FBC056A}.Debug|Any CPU.Build.0 = Debug|Any CPU
		{D7D72F67-E0E1-4245-9ACD-95F95FBC056A}.Release|Any CPU.ActiveCfg = Release|Any CPU
		{D7D72F67-E0E1-4245-9ACD-95F95FBC056A}.Release|Any CPU.Build.0 = Release|Any CPU
		{ADFC1B25-C9FA-4928-9EEA-5BBB31936E3C}.Debug|Any CPU.ActiveCfg = Debug|Any CPU
		{ADFC1B25-C9FA-4928-9EEA-5BBB31936E3C}.Debug|Any CPU.Build.0 = Debug|Any CPU
		{ADFC1B25-C9FA-4928-9EEA-5BBB31936E3C}.Release|Any CPU.ActiveCfg = Release|Any CPU
		{ADFC1B25-C9FA-4928-9EEA-5BBB31936E3C}.Release|Any CPU.Build.0 = Release|Any CPU
		{268F455C-9AB4-4064-91D0-9F4CAB429B03}.Debug|Any CPU.ActiveCfg = Debug|Any CPU
		{268F455C-9AB4-4064-91D0-9F4CAB429B03}.Debug|Any CPU.Build.0 = Debug|Any CPU
		{268F455C-9AB4-4064-91D0-9F4CAB429B03}.Release|Any CPU.ActiveCfg = Release|Any CPU
		{268F455C-9AB4-4064-91D0-9F4CAB429B03}.Release|Any CPU.Build.0 = Release|Any CPU
		{7455D38F-AD72-4D07-84BC-C616255F32F4}.Debug|Any CPU.ActiveCfg = Debug|Any CPU
		{7455D38F-AD72-4D07-84BC-C616255F32F4}.Debug|Any CPU.Build.0 = Debug|Any CPU
		{7455D38F-AD72-4D07-84BC-C616255F32F4}.Release|Any CPU.ActiveCfg = Release|Any CPU
		{7455D38F-AD72-4D07-84BC-C616255F32F4}.Release|Any CPU.Build.0 = Release|Any CPU
		{0A420B49-EA9E-4729-8115-984185A30D72}.Debug|Any CPU.ActiveCfg = Debug|Any CPU
		{0A420B49-EA9E-4729-8115-984185A30D72}.Debug|Any CPU.Build.0 = Debug|Any CPU
		{0A420B49-EA9E-4729-8115-984185A30D72}.Release|Any CPU.ActiveCfg = Release|Any CPU
		{0A420B49-EA9E-4729-8115-984185A30D72}.Release|Any CPU.Build.0 = Release|Any CPU
		{6BE12490-1D13-4B9C-90D2-1376CACD71D8}.Debug|Any CPU.ActiveCfg = Debug|Any CPU
		{6BE12490-1D13-4B9C-90D2-1376CACD71D8}.Debug|Any CPU.Build.0 = Debug|Any CPU
		{6BE12490-1D13-4B9C-90D2-1376CACD71D8}.Release|Any CPU.ActiveCfg = Release|Any CPU
		{6BE12490-1D13-4B9C-90D2-1376CACD71D8}.Release|Any CPU.Build.0 = Release|Any CPU
		{1A16BFB7-0BA3-4A17-9FE1-E03D22DA8E0E}.Debug|Any CPU.ActiveCfg = Debug|Any CPU
		{1A16BFB7-0BA3-4A17-9FE1-E03D22DA8E0E}.Debug|Any CPU.Build.0 = Debug|Any CPU
		{1A16BFB7-0BA3-4A17-9FE1-E03D22DA8E0E}.Release|Any CPU.ActiveCfg = Release|Any CPU
		{1A16BFB7-0BA3-4A17-9FE1-E03D22DA8E0E}.Release|Any CPU.Build.0 = Release|Any CPU
		{4B84FB94-2389-4FE3-AEB5-68DA2C501AB2}.Debug|Any CPU.ActiveCfg = Debug|Any CPU
		{4B84FB94-2389-4FE3-AEB5-68DA2C501AB2}.Debug|Any CPU.Build.0 = Debug|Any CPU
		{4B84FB94-2389-4FE3-AEB5-68DA2C501AB2}.Release|Any CPU.ActiveCfg = Release|Any CPU
		{4B84FB94-2389-4FE3-AEB5-68DA2C501AB2}.Release|Any CPU.Build.0 = Release|Any CPU
		{5AEE5C15-EC76-4F57-BA2C-6CAD940C67BD}.Debug|Any CPU.ActiveCfg = Debug|Any CPU
		{5AEE5C15-EC76-4F57-BA2C-6CAD940C67BD}.Debug|Any CPU.Build.0 = Debug|Any CPU
		{5AEE5C15-EC76-4F57-BA2C-6CAD940C67BD}.Release|Any CPU.ActiveCfg = Release|Any CPU
		{5AEE5C15-EC76-4F57-BA2C-6CAD940C67BD}.Release|Any CPU.Build.0 = Release|Any CPU
		{9486C09E-D069-4ABD-B400-A4B13FDD5D67}.Debug|Any CPU.ActiveCfg = Debug|Any CPU
		{9486C09E-D069-4ABD-B400-A4B13FDD5D67}.Debug|Any CPU.Build.0 = Debug|Any CPU
		{9486C09E-D069-4ABD-B400-A4B13FDD5D67}.Release|Any CPU.ActiveCfg = Release|Any CPU
		{9486C09E-D069-4ABD-B400-A4B13FDD5D67}.Release|Any CPU.Build.0 = Release|Any CPU
		{A96C9F3D-FC26-41DA-B6CD-22A44CCEDE49}.Debug|Any CPU.ActiveCfg = Debug|Any CPU
		{A96C9F3D-FC26-41DA-B6CD-22A44CCEDE49}.Debug|Any CPU.Build.0 = Debug|Any CPU
		{A96C9F3D-FC26-41DA-B6CD-22A44CCEDE49}.Release|Any CPU.ActiveCfg = Release|Any CPU
		{A96C9F3D-FC26-41DA-B6CD-22A44CCEDE49}.Release|Any CPU.Build.0 = Release|Any CPU
		{3134685B-C896-4C4A-8011-D673BDBF80D3}.Debug|Any CPU.ActiveCfg = Debug|Any CPU
		{3134685B-C896-4C4A-8011-D673BDBF80D3}.Debug|Any CPU.Build.0 = Debug|Any CPU
		{3134685B-C896-4C4A-8011-D673BDBF80D3}.Release|Any CPU.ActiveCfg = Release|Any CPU
		{3134685B-C896-4C4A-8011-D673BDBF80D3}.Release|Any CPU.Build.0 = Release|Any CPU
		{6041C15C-5F90-432F-A1A2-3A412E04B87D}.Debug|Any CPU.ActiveCfg = Debug|Any CPU
		{6041C15C-5F90-432F-A1A2-3A412E04B87D}.Debug|Any CPU.Build.0 = Debug|Any CPU
		{6041C15C-5F90-432F-A1A2-3A412E04B87D}.Release|Any CPU.ActiveCfg = Release|Any CPU
		{6041C15C-5F90-432F-A1A2-3A412E04B87D}.Release|Any CPU.Build.0 = Release|Any CPU
		{48FC690E-AAA6-46FF-924A-81940739860C}.Debug|Any CPU.ActiveCfg = Debug|Any CPU
		{48FC690E-AAA6-46FF-924A-81940739860C}.Debug|Any CPU.Build.0 = Debug|Any CPU
		{48FC690E-AAA6-46FF-924A-81940739860C}.Release|Any CPU.ActiveCfg = Release|Any CPU
		{48FC690E-AAA6-46FF-924A-81940739860C}.Release|Any CPU.Build.0 = Release|Any CPU
		{E12F5828-1A9E-4FBA-BABF-997C01D09A6B}.Debug|Any CPU.ActiveCfg = Debug|Any CPU
		{E12F5828-1A9E-4FBA-BABF-997C01D09A6B}.Debug|Any CPU.Build.0 = Debug|Any CPU
		{E12F5828-1A9E-4FBA-BABF-997C01D09A6B}.Release|Any CPU.ActiveCfg = Release|Any CPU
		{E12F5828-1A9E-4FBA-BABF-997C01D09A6B}.Release|Any CPU.Build.0 = Release|Any CPU
		{0FC4A452-A383-4B1C-9ED0-64CBB6A6A518}.Debug|Any CPU.ActiveCfg = Debug|Any CPU
		{0FC4A452-A383-4B1C-9ED0-64CBB6A6A518}.Debug|Any CPU.Build.0 = Debug|Any CPU
		{0FC4A452-A383-4B1C-9ED0-64CBB6A6A518}.Release|Any CPU.ActiveCfg = Release|Any CPU
		{0FC4A452-A383-4B1C-9ED0-64CBB6A6A518}.Release|Any CPU.Build.0 = Release|Any CPU
		{6F0F3A9A-AE5F-4C67-99E1-800EE58A2AEC}.Debug|Any CPU.ActiveCfg = Debug|Any CPU
		{6F0F3A9A-AE5F-4C67-99E1-800EE58A2AEC}.Debug|Any CPU.Build.0 = Debug|Any CPU
		{6F0F3A9A-AE5F-4C67-99E1-800EE58A2AEC}.Release|Any CPU.ActiveCfg = Release|Any CPU
		{6F0F3A9A-AE5F-4C67-99E1-800EE58A2AEC}.Release|Any CPU.Build.0 = Release|Any CPU
		{49F5F955-1B61-474D-9FB5-BD1195CB9FD4}.Debug|Any CPU.ActiveCfg = Debug|Any CPU
		{49F5F955-1B61-474D-9FB5-BD1195CB9FD4}.Debug|Any CPU.Build.0 = Debug|Any CPU
		{49F5F955-1B61-474D-9FB5-BD1195CB9FD4}.Release|Any CPU.ActiveCfg = Release|Any CPU
		{49F5F955-1B61-474D-9FB5-BD1195CB9FD4}.Release|Any CPU.Build.0 = Release|Any CPU
		{14C0EC5D-87E8-4579-872B-7971280FD643}.Debug|Any CPU.ActiveCfg = Debug|Any CPU
		{14C0EC5D-87E8-4579-872B-7971280FD643}.Debug|Any CPU.Build.0 = Debug|Any CPU
		{14C0EC5D-87E8-4579-872B-7971280FD643}.Release|Any CPU.ActiveCfg = Release|Any CPU
		{14C0EC5D-87E8-4579-872B-7971280FD643}.Release|Any CPU.Build.0 = Release|Any CPU
		{4D630A23-F671-48AB-9186-6E25D4AE418D}.Debug|Any CPU.ActiveCfg = Debug|Any CPU
		{4D630A23-F671-48AB-9186-6E25D4AE418D}.Debug|Any CPU.Build.0 = Debug|Any CPU
		{4D630A23-F671-48AB-9186-6E25D4AE418D}.Release|Any CPU.ActiveCfg = Release|Any CPU
		{4D630A23-F671-48AB-9186-6E25D4AE418D}.Release|Any CPU.Build.0 = Release|Any CPU
		{AC3BDF83-35B7-440A-865B-08614209FD9F}.Debug|Any CPU.ActiveCfg = Debug|Any CPU
		{AC3BDF83-35B7-440A-865B-08614209FD9F}.Debug|Any CPU.Build.0 = Debug|Any CPU
		{AC3BDF83-35B7-440A-865B-08614209FD9F}.Release|Any CPU.ActiveCfg = Release|Any CPU
		{AC3BDF83-35B7-440A-865B-08614209FD9F}.Release|Any CPU.Build.0 = Release|Any CPU
		{D94FCA3D-287E-433D-B1F4-E845FBE0C726}.Debug|Any CPU.ActiveCfg = Debug|Any CPU
		{D94FCA3D-287E-433D-B1F4-E845FBE0C726}.Debug|Any CPU.Build.0 = Debug|Any CPU
		{D94FCA3D-287E-433D-B1F4-E845FBE0C726}.Release|Any CPU.ActiveCfg = Release|Any CPU
		{D94FCA3D-287E-433D-B1F4-E845FBE0C726}.Release|Any CPU.Build.0 = Release|Any CPU
		{8EF57866-99D8-4E69-BA9D-55FA6A6283BF}.Debug|Any CPU.ActiveCfg = Debug|Any CPU
		{8EF57866-99D8-4E69-BA9D-55FA6A6283BF}.Debug|Any CPU.Build.0 = Debug|Any CPU
		{8EF57866-99D8-4E69-BA9D-55FA6A6283BF}.Release|Any CPU.ActiveCfg = Release|Any CPU
		{8EF57866-99D8-4E69-BA9D-55FA6A6283BF}.Release|Any CPU.Build.0 = Release|Any CPU
		{9849D410-5CD4-492D-914E-45548EE6696F}.Debug|Any CPU.ActiveCfg = Debug|Any CPU
		{9849D410-5CD4-492D-914E-45548EE6696F}.Debug|Any CPU.Build.0 = Debug|Any CPU
		{9849D410-5CD4-492D-914E-45548EE6696F}.Release|Any CPU.ActiveCfg = Release|Any CPU
		{9849D410-5CD4-492D-914E-45548EE6696F}.Release|Any CPU.Build.0 = Release|Any CPU
		{7C184E71-A63F-46D2-B06C-1D2F3F28899D}.Debug|Any CPU.ActiveCfg = Debug|Any CPU
		{7C184E71-A63F-46D2-B06C-1D2F3F28899D}.Debug|Any CPU.Build.0 = Debug|Any CPU
		{7C184E71-A63F-46D2-B06C-1D2F3F28899D}.Release|Any CPU.ActiveCfg = Release|Any CPU
		{7C184E71-A63F-46D2-B06C-1D2F3F28899D}.Release|Any CPU.Build.0 = Release|Any CPU
		{41D42867-B38E-451C-824A-65A38FC13570}.Debug|Any CPU.ActiveCfg = Debug|Any CPU
		{41D42867-B38E-451C-824A-65A38FC13570}.Debug|Any CPU.Build.0 = Debug|Any CPU
		{41D42867-B38E-451C-824A-65A38FC13570}.Release|Any CPU.ActiveCfg = Release|Any CPU
		{41D42867-B38E-451C-824A-65A38FC13570}.Release|Any CPU.Build.0 = Release|Any CPU
		{64CD06D2-BDE1-4F94-9293-0F14488AF149}.Debug|Any CPU.ActiveCfg = Debug|Any CPU
		{64CD06D2-BDE1-4F94-9293-0F14488AF149}.Debug|Any CPU.Build.0 = Debug|Any CPU
		{64CD06D2-BDE1-4F94-9293-0F14488AF149}.Release|Any CPU.ActiveCfg = Release|Any CPU
		{64CD06D2-BDE1-4F94-9293-0F14488AF149}.Release|Any CPU.Build.0 = Release|Any CPU
		{CE78F214-D8A6-46EC-8468-E597F9FD11B6}.Debug|Any CPU.ActiveCfg = Debug|Any CPU
		{CE78F214-D8A6-46EC-8468-E597F9FD11B6}.Debug|Any CPU.Build.0 = Debug|Any CPU
		{CE78F214-D8A6-46EC-8468-E597F9FD11B6}.Release|Any CPU.ActiveCfg = Release|Any CPU
		{CE78F214-D8A6-46EC-8468-E597F9FD11B6}.Release|Any CPU.Build.0 = Release|Any CPU
		{245AB29E-E65B-4788-9D28-C256BD4DCDE2}.Debug|Any CPU.ActiveCfg = Debug|Any CPU
		{245AB29E-E65B-4788-9D28-C256BD4DCDE2}.Debug|Any CPU.Build.0 = Debug|Any CPU
		{245AB29E-E65B-4788-9D28-C256BD4DCDE2}.Release|Any CPU.ActiveCfg = Release|Any CPU
		{245AB29E-E65B-4788-9D28-C256BD4DCDE2}.Release|Any CPU.Build.0 = Release|Any CPU
		{B0745D52-187A-4B4A-AB73-6FE33568E83D}.Debug|Any CPU.ActiveCfg = Debug|Any CPU
		{B0745D52-187A-4B4A-AB73-6FE33568E83D}.Debug|Any CPU.Build.0 = Debug|Any CPU
		{B0745D52-187A-4B4A-AB73-6FE33568E83D}.Release|Any CPU.ActiveCfg = Release|Any CPU
		{B0745D52-187A-4B4A-AB73-6FE33568E83D}.Release|Any CPU.Build.0 = Release|Any CPU
		{8333998C-5285-4A46-9121-9E7A853ADB80}.Debug|Any CPU.ActiveCfg = Debug|Any CPU
		{8333998C-5285-4A46-9121-9E7A853ADB80}.Debug|Any CPU.Build.0 = Debug|Any CPU
		{8333998C-5285-4A46-9121-9E7A853ADB80}.Release|Any CPU.ActiveCfg = Release|Any CPU
		{8333998C-5285-4A46-9121-9E7A853ADB80}.Release|Any CPU.Build.0 = Release|Any CPU
		{7ECFF378-2A86-4A26-AE5E-77F367285E1D}.Debug|Any CPU.ActiveCfg = Debug|Any CPU
		{7ECFF378-2A86-4A26-AE5E-77F367285E1D}.Debug|Any CPU.Build.0 = Debug|Any CPU
		{7ECFF378-2A86-4A26-AE5E-77F367285E1D}.Release|Any CPU.ActiveCfg = Release|Any CPU
		{7ECFF378-2A86-4A26-AE5E-77F367285E1D}.Release|Any CPU.Build.0 = Release|Any CPU
		{342D0292-CDA4-494F-98C6-8AB68BBB91CE}.Debug|Any CPU.ActiveCfg = Debug|Any CPU
		{342D0292-CDA4-494F-98C6-8AB68BBB91CE}.Debug|Any CPU.Build.0 = Debug|Any CPU
		{342D0292-CDA4-494F-98C6-8AB68BBB91CE}.Release|Any CPU.ActiveCfg = Release|Any CPU
		{342D0292-CDA4-494F-98C6-8AB68BBB91CE}.Release|Any CPU.Build.0 = Release|Any CPU
		{3F88E601-CAB7-40E6-97D0-1CBA9C670E09}.Debug|Any CPU.ActiveCfg = Debug|Any CPU
		{3F88E601-CAB7-40E6-97D0-1CBA9C670E09}.Debug|Any CPU.Build.0 = Debug|Any CPU
		{3F88E601-CAB7-40E6-97D0-1CBA9C670E09}.Release|Any CPU.ActiveCfg = Release|Any CPU
		{3F88E601-CAB7-40E6-97D0-1CBA9C670E09}.Release|Any CPU.Build.0 = Release|Any CPU
	EndGlobalSection
	GlobalSection(SolutionProperties) = preSolution
		HideSolutionNode = FALSE
	EndGlobalSection
	GlobalSection(NestedProjects) = preSolution
		{83EDA6E2-CAED-40F7-8DBE-30C50C4CCE6D} = {99FE0405-17DC-4035-B675-7EE12D1D5C94}
		{7543CC37-6E41-431B-B7E7-5F61792D4150} = {99FE0405-17DC-4035-B675-7EE12D1D5C94}
		{85AE5DD4-EC26-4354-A50E-E8BDE1B48C7D} = {99FE0405-17DC-4035-B675-7EE12D1D5C94}
		{BF59C693-E0FB-4EBC-B093-BEE775DB7C96} = {99FE0405-17DC-4035-B675-7EE12D1D5C94}
		{15014FCE-F2F2-43B2-98AA-C01A7F9F36D1} = {99FE0405-17DC-4035-B675-7EE12D1D5C94}
		{3F5D969A-EFB7-40C2-9B09-C76901E72426} = {99FE0405-17DC-4035-B675-7EE12D1D5C94}
		{599E649E-B539-448B-BD20-531DF5CDA024} = {99FE0405-17DC-4035-B675-7EE12D1D5C94}
		{9C7A51D0-D145-45A2-8450-FDDDB760812A} = {99FE0405-17DC-4035-B675-7EE12D1D5C94}
		{DCB5DBB6-2892-4D72-8778-458D5C0CC360} = {99FE0405-17DC-4035-B675-7EE12D1D5C94}
		{8B1E4CB5-C6F8-4C35-9345-CB47F12F9EE8} = {99FE0405-17DC-4035-B675-7EE12D1D5C94}
		{0D0ACF61-D9D5-4BDB-97DF-FA832341D8F4} = {99FE0405-17DC-4035-B675-7EE12D1D5C94}
		{01520EC0-8947-4AD6-A04D-9011A15F9043} = {99FE0405-17DC-4035-B675-7EE12D1D5C94}
		{50F30EA8-DA25-40B7-A050-A68015B964C7} = {99FE0405-17DC-4035-B675-7EE12D1D5C94}
		{2ACED877-5B6D-475A-8EF6-26BAB1BA9C4E} = {99FE0405-17DC-4035-B675-7EE12D1D5C94}
		{B8AD4AAA-A69A-4762-95DB-F759DEC1CB64} = {99FE0405-17DC-4035-B675-7EE12D1D5C94}
		{A5290C58-3953-4762-9952-BFEE85E8F1F1} = {99FE0405-17DC-4035-B675-7EE12D1D5C94}
		{7CA234DD-8DBF-443E-8943-A7EE9CCE0675} = {99FE0405-17DC-4035-B675-7EE12D1D5C94}
		{7FA9E5EE-161C-4A3E-9B48-7C8ED697CC12} = {99FE0405-17DC-4035-B675-7EE12D1D5C94}
		{C55E2E21-3435-46FA-A925-D738F5F87E01} = {99FE0405-17DC-4035-B675-7EE12D1D5C94}
		{87791418-5380-4E31-B740-52889AC3EBCA} = {99FE0405-17DC-4035-B675-7EE12D1D5C94}
		{D7D72F67-E0E1-4245-9ACD-95F95FBC056A} = {99FE0405-17DC-4035-B675-7EE12D1D5C94}
		{ADFC1B25-C9FA-4928-9EEA-5BBB31936E3C} = {99FE0405-17DC-4035-B675-7EE12D1D5C94}
		{268F455C-9AB4-4064-91D0-9F4CAB429B03} = {99FE0405-17DC-4035-B675-7EE12D1D5C94}
		{7455D38F-AD72-4D07-84BC-C616255F32F4} = {99FE0405-17DC-4035-B675-7EE12D1D5C94}
		{0A420B49-EA9E-4729-8115-984185A30D72} = {99FE0405-17DC-4035-B675-7EE12D1D5C94}
		{6BE12490-1D13-4B9C-90D2-1376CACD71D8} = {99FE0405-17DC-4035-B675-7EE12D1D5C94}
		{1A16BFB7-0BA3-4A17-9FE1-E03D22DA8E0E} = {99FE0405-17DC-4035-B675-7EE12D1D5C94}
		{4B84FB94-2389-4FE3-AEB5-68DA2C501AB2} = {99FE0405-17DC-4035-B675-7EE12D1D5C94}
		{5AEE5C15-EC76-4F57-BA2C-6CAD940C67BD} = {99FE0405-17DC-4035-B675-7EE12D1D5C94}
		{9486C09E-D069-4ABD-B400-A4B13FDD5D67} = {99FE0405-17DC-4035-B675-7EE12D1D5C94}
		{A96C9F3D-FC26-41DA-B6CD-22A44CCEDE49} = {99FE0405-17DC-4035-B675-7EE12D1D5C94}
		{3134685B-C896-4C4A-8011-D673BDBF80D3} = {99FE0405-17DC-4035-B675-7EE12D1D5C94}
		{6041C15C-5F90-432F-A1A2-3A412E04B87D} = {99FE0405-17DC-4035-B675-7EE12D1D5C94}
		{48FC690E-AAA6-46FF-924A-81940739860C} = {99FE0405-17DC-4035-B675-7EE12D1D5C94}
		{E12F5828-1A9E-4FBA-BABF-997C01D09A6B} = {99FE0405-17DC-4035-B675-7EE12D1D5C94}
		{0FC4A452-A383-4B1C-9ED0-64CBB6A6A518} = {99FE0405-17DC-4035-B675-7EE12D1D5C94}
		{6F0F3A9A-AE5F-4C67-99E1-800EE58A2AEC} = {99FE0405-17DC-4035-B675-7EE12D1D5C94}
		{49F5F955-1B61-474D-9FB5-BD1195CB9FD4} = {99FE0405-17DC-4035-B675-7EE12D1D5C94}
		{14C0EC5D-87E8-4579-872B-7971280FD643} = {99FE0405-17DC-4035-B675-7EE12D1D5C94}
		{4D630A23-F671-48AB-9186-6E25D4AE418D} = {99FE0405-17DC-4035-B675-7EE12D1D5C94}
		{AC3BDF83-35B7-440A-865B-08614209FD9F} = {99FE0405-17DC-4035-B675-7EE12D1D5C94}
		{D94FCA3D-287E-433D-B1F4-E845FBE0C726} = {99FE0405-17DC-4035-B675-7EE12D1D5C94}
		{8EF57866-99D8-4E69-BA9D-55FA6A6283BF} = {99FE0405-17DC-4035-B675-7EE12D1D5C94}
		{9849D410-5CD4-492D-914E-45548EE6696F} = {99FE0405-17DC-4035-B675-7EE12D1D5C94}
		{7C184E71-A63F-46D2-B06C-1D2F3F28899D} = {99FE0405-17DC-4035-B675-7EE12D1D5C94}
		{41D42867-B38E-451C-824A-65A38FC13570} = {99FE0405-17DC-4035-B675-7EE12D1D5C94}
		{64CD06D2-BDE1-4F94-9293-0F14488AF149} = {99FE0405-17DC-4035-B675-7EE12D1D5C94}
		{CE78F214-D8A6-46EC-8468-E597F9FD11B6} = {99FE0405-17DC-4035-B675-7EE12D1D5C94}
		{245AB29E-E65B-4788-9D28-C256BD4DCDE2} = {99FE0405-17DC-4035-B675-7EE12D1D5C94}
		{B0745D52-187A-4B4A-AB73-6FE33568E83D} = {99FE0405-17DC-4035-B675-7EE12D1D5C94}
		{8333998C-5285-4A46-9121-9E7A853ADB80} = {99FE0405-17DC-4035-B675-7EE12D1D5C94}
		{7ECFF378-2A86-4A26-AE5E-77F367285E1D} = {99FE0405-17DC-4035-B675-7EE12D1D5C94}
		{342D0292-CDA4-494F-98C6-8AB68BBB91CE} = {99FE0405-17DC-4035-B675-7EE12D1D5C94}
		{3F88E601-CAB7-40E6-97D0-1CBA9C670E09} = {99FE0405-17DC-4035-B675-7EE12D1D5C94}
	EndGlobalSection
EndGlobal
